<Solution>
  <Folder Name="/src/">
    <Project Path="src/Steward.Application/Steward.Application.csproj" />
    <Project Path="src/Steward.Agents/Steward.Agents.csproj" />
    <Project Path="src/Steward.Cli/Steward.Cli.csproj" />
    <Project Path="src/Steward.Contracts/Steward.Contracts.csproj" />
    <Project Path="src/Steward.Control/Steward.Control.csproj" />
    <Project Path="src/Steward.Control.Client/Steward.Control.Client.csproj" />
    <Project Path="src/Steward.ConnectionHost.Windows/Steward.ConnectionHost.Windows.csproj" />
    <Project Path="src/Steward.Desktop.Windows/Steward.Desktop.Windows.csproj" />
    <Project Path="src/Steward.Domain/Steward.Domain.csproj" />
    <Project Path="src/Steward.Endpoint.Provisioner/Steward.Endpoint.Provisioner.csproj" />
    <Project Path="src/Steward.DevBox.Windows/Steward.DevBox.Windows.csproj" />
    <Project Path="src/Steward.HandleKeeper/Steward.HandleKeeper.csproj" />
    <Project Path="src/Steward.Mcp/Steward.Mcp.csproj" />
    <Project Path="src/Steward.Node/Steward.Node.csproj" />
    <Project Path="src/Steward.Node.Host/Steward.Node.Host.csproj" />
    <Project Path="src/Steward.Orchestration/Steward.Orchestration.csproj" />
    <Project Path="src/Steward.Persistence.Sqlite/Steward.Persistence.Sqlite.csproj" />
    <Project Path="src/Steward.PortableState/Steward.PortableState.csproj" />
    <Project Path="src/Steward.Providers.Abstractions/Steward.Providers.Abstractions.csproj" />
    <Project Path="src/Steward.Providers.DevBox/Steward.Providers.DevBox.csproj" />
    <Project Path="src/Steward.Runtime.Windows/Steward.Runtime.Windows.csproj" />
    <Project Path="src/Steward.Rdp.Windows/Steward.Rdp.Windows.csproj" />
    <Project Path="src/Steward.RdCore.Windows/Steward.RdCore.Windows.csproj" />
    <Project Path="src/Steward.RdpDvc.Client.Windows/Steward.RdpDvc.Client.Windows.csproj" />
    <Project Path="src/Steward.RdpDvc.Server.Windows/Steward.RdpDvc.Server.Windows.csproj" />
    <Project Path="src/Steward.Scheduling/Steward.Scheduling.csproj" />
    <Project Path="src/Steward.Stack.Local/Steward.Stack.Local.csproj" />
    <Project Path="src/Steward.Tasks.Abstractions/Steward.Tasks.Abstractions.csproj" />
    <Project Path="src/Steward.Tasks.Compose/Steward.Tasks.Compose.csproj" />
    <Project Path="src/Steward.Tasks.Agent/Steward.Tasks.Agent.csproj" />
    <Project Path="src/Steward.Tasks.Process/Steward.Tasks.Process.csproj" />
    <Project Path="src/Steward.Terminal.Abstractions/Steward.Terminal.Abstractions.csproj" />
    <Project Path="src/Steward.Terminal.Windows/Steward.Terminal.Windows.csproj" />
    <Project Path="src/Steward.Transport/Steward.Transport.csproj" />
    <Project Path="src/Steward.Transport.Rdp.Endpoint.Windows/Steward.Transport.Rdp.Endpoint.Windows.csproj" />
    <Project Path="src/Steward.Transport.Rdp.Windows/Steward.Transport.Rdp.Windows.csproj" />
    <Project Path="src/Steward.Workloads.Evals/Steward.Workloads.Evals.csproj" />
  </Folder>
  <Folder Name="/tests/">
    <Project Path="tests/Steward.AgentFixture/Steward.AgentFixture.csproj" />
    <Project Path="tests/Steward.Mcp.Tests/Steward.Mcp.Tests.csproj" />
    <Project Path="tests/Steward.Orchestration.Tests/Steward.Orchestration.Tests.csproj" />
    <Project Path="tests/Steward.Cli.Tests/Steward.Cli.Tests.csproj" />
    <Project Path="tests/Steward.Contract.Tests/Steward.Contract.Tests.csproj" />
    <Project Path="tests/Steward.ConnectionHost.Windows.Tests/Steward.ConnectionHost.Windows.Tests.csproj" />
    <Project Path="tests/Steward.DevBox.Tests/Steward.DevBox.Tests.csproj" />
    <Project Path="tests/Steward.Desktop.Windows.Tests/Steward.Desktop.Windows.Tests.csproj" />
    <Project Path="tests/Steward.DevBox.LiveAcceptance/Steward.DevBox.LiveAcceptance.csproj" />
    <Project Path="tests/Steward.Domain.Tests/Steward.Domain.Tests.csproj" />
    <Project Path="tests/Steward.EndToEnd.Tests/Steward.EndToEnd.Tests.csproj" />
    <Project Path="tests/Steward.Endpoint.Provisioner.Tests/Steward.Endpoint.Provisioner.Tests.csproj" />
    <Project Path="tests/Steward.Evals.Tests/Steward.Evals.Tests.csproj" />
    <Project Path="tests/Steward.Integration.Tests/Steward.Integration.Tests.csproj" />
    <Project Path="tests/Steward.Agents.Tests/Steward.Agents.Tests.csproj" />
    <Project Path="tests/Steward.PortableState.Tests/Steward.PortableState.Tests.csproj" />
    <Project Path="tests/Steward.Rdp.Windows.Tests/Steward.Rdp.Windows.Tests.csproj" />
    <Project Path="tests/Steward.RdCore.Windows.Tests/Steward.RdCore.Windows.Tests.csproj" />
    <Project Path="tests/Steward.RdpDvc.LiveAcceptance/Steward.RdpDvc.LiveAcceptance.csproj" />
    <Project Path="tests/Steward.Scheduling.Tests/Steward.Scheduling.Tests.csproj" />
    <Project Path="tests/Steward.Transport.Tests/Steward.Transport.Tests.csproj" />
    <Project Path="tests/Steward.Transport.Rdp.Windows.Tests/Steward.Transport.Rdp.Windows.Tests.csproj" />
    <Project Path="tests/Steward.Terminal.Windows.Tests/Steward.Terminal.Windows.Tests.csproj" />
    <Project Path="tests/Steward.Windows.Tests/Steward.Windows.Tests.csproj" />
  </Folder>
  <Folder Name="/spikes/">
    <Project Path="spikes/dev-box-sdk-compatibility/dev-box-sdk-compatibility.csproj" />
    <Project Path="spikes/windows-job-continuity/JobObjectSpike.csproj" />
  </Folder>
</Solution>
